// !$*UTF8*$!
{
	archiveVersion = 1;
	classes = {
	};
	objectVersion = 56;
	objects = {

/* Begin PBXBuildFile section */
		09648BA12A1AAA9600C8BB6F /* Player.swift in Sources */ = {isa = PBXBuildFile; fileRef = 09648BA02A1AAA9600C8BB6F /* Player.swift */; };
		0967AC412A16630300800D73 /* LocationManager.swift in Sources */ = {isa = PBXBuildFile; fileRef = 0967AC402A16630300800D73 /* LocationManager.swift */; };
		0967AC432A166AEA00800D73 /* Annotation.swift in Sources */ = {isa = PBXBuildFile; fileRef = 0967AC422A166AEA00800D73 /* Annotation.swift */; };
		0967AC452A166DA300800D73 /* EventPlace.swift in Sources */ = {isa = PBXBuildFile; fileRef = 0967AC442A166DA300800D73 /* EventPlace.swift */; };
		0967AC472A166E2100800D73 /* EventPlaceViewModel.swift in Sources */ = {isa = PBXBuildFile; fileRef = 0967AC462A166E2100800D73 /* EventPlaceViewModel.swift */; };
		0967AC4F2A166F5100800D73 /* EventViewModel.swift in Sources */ = {isa = PBXBuildFile; fileRef = 0967AC4B2A166F5100800D73 /* EventViewModel.swift */; };
		0967AC532A16874100800D73 /* Event.swift in Sources */ = {isa = PBXBuildFile; fileRef = 0967AC522A16874100800D73 /* Event.swift */; };
		0967AC592A168B2100800D73 /* AddEvent.swift in Sources */ = {isa = PBXBuildFile; fileRef = 0967AC582A168B2100800D73 /* AddEvent.swift */; };
		097A2FEB2A1D43E700D6B1D9 /* SpotDetailPhotosScrollView.swift in Sources */ = {isa = PBXBuildFile; fileRef = 097A2FEA2A1D43E700D6B1D9 /* SpotDetailPhotosScrollView.swift */; };
		097A2FED2A1D441E00D6B1D9 /* Photo.swift in Sources */ = {isa = PBXBuildFile; fileRef = 097A2FEC2A1D441E00D6B1D9 /* Photo.swift */; };
		097A2FEF2A1D445A00D6B1D9 /* PhotoView.swift in Sources */ = {isa = PBXBuildFile; fileRef = 097A2FEE2A1D445A00D6B1D9 /* PhotoView.swift */; };
		0982E1D72A17E20300A30380 /* LocationMapPin.swift in Sources */ = {isa = PBXBuildFile; fileRef = 0982E1D62A17E20300A30380 /* LocationMapPin.swift */; };
		098BF25C2A169BF500280650 /* PlaceLookupView.swift in Sources */ = {isa = PBXBuildFile; fileRef = 098BF25B2A169BF500280650 /* PlaceLookupView.swift */; };
		098BF25E2A16E0A200280650 /* TestDataView.swift in Sources */ = {isa = PBXBuildFile; fileRef = 098BF25D2A16E0A200280650 /* TestDataView.swift */; };
		0992A3112A1BEBAF00FB9575 /* ExploreCard.swift in Sources */ = {isa = PBXBuildFile; fileRef = 0992A3102A1BEBAF00FB9575 /* ExploreCard.swift */; };
		09B66A052A17D2B300F1C18F /* MapViewModel.swift in Sources */ = {isa = PBXBuildFile; fileRef = 09B66A042A17D2B300F1C18F /* MapViewModel.swift */; };
		6C3A522B2A1BF25800EA6F8D /*  GameDetailsView.swift in Sources */ = {isa = PBXBuildFile; fileRef = 6C3A522A2A1BF25800EA6F8D /*  GameDetailsView.swift */; };
		78FACE282A15622100E317AE /* Offseason2App.swift in Sources */ = {isa = PBXBuildFile; fileRef = 78FACE272A15622100E317AE /* Offseason2App.swift */; };
		78FACE2A2A15622100E317AE /* ContentView.swift in Sources */ = {isa = PBXBuildFile; fileRef = 78FACE292A15622100E317AE /* ContentView.swift */; };
		78FACE2C2A15622100E317AE /* Assets.xcassets in Resources */ = {isa = PBXBuildFile; fileRef = 78FACE2B2A15622100E317AE /* Assets.xcassets */; };
		78FACE2F2A15622100E317AE /* Preview Assets.xcassets in Resources */ = {isa = PBXBuildFile; fileRef = 78FACE2E2A15622100E317AE /* Preview Assets.xcassets */; };
		78FACE392A15622200E317AE /* Offseason2Tests.swift in Sources */ = {isa = PBXBuildFile; fileRef = 78FACE382A15622200E317AE /* Offseason2Tests.swift */; };
		78FACE432A15622200E317AE /* Offseason2UITests.swift in Sources */ = {isa = PBXBuildFile; fileRef = 78FACE422A15622200E317AE /* Offseason2UITests.swift */; };
		78FACE452A15622200E317AE /* Offseason2UITestsLaunchTests.swift in Sources */ = {isa = PBXBuildFile; fileRef = 78FACE442A15622200E317AE /* Offseason2UITestsLaunchTests.swift */; };
		78FACE542A15659700E317AE /* HomePage.swift in Sources */ = {isa = PBXBuildFile; fileRef = 78FACE532A15659700E317AE /* HomePage.swift */; };
		78FACE562A1565AA00E317AE /* ExplorePage.swift in Sources */ = {isa = PBXBuildFile; fileRef = 78FACE552A1565AA00E317AE /* ExplorePage.swift */; };
		78FACE582A1565BD00E317AE /* Mygames.swift in Sources */ = {isa = PBXBuildFile; fileRef = 78FACE572A1565BD00E317AE /* Mygames.swift */; };
		78FACE5A2A1565D200E317AE /* ProfilePage.swift in Sources */ = {isa = PBXBuildFile; fileRef = 78FACE592A1565D200E317AE /* ProfilePage.swift */; };
		78FACE5C2A15681E00E317AE /* GamePage.swift in Sources */ = {isa = PBXBuildFile; fileRef = 78FACE5B2A15681E00E317AE /* GamePage.swift */; };
		78FACE5E2A15683000E317AE /* WeatherPage.swift in Sources */ = {isa = PBXBuildFile; fileRef = 78FACE5D2A15683000E317AE /* WeatherPage.swift */; };
		78FACE602A15684300E317AE /* NotificationPage.swift in Sources */ = {isa = PBXBuildFile; fileRef = 78FACE5F2A15684300E317AE /* NotificationPage.swift */; };
		78FACE622A15685200E317AE /* HelpPage.swift in Sources */ = {isa = PBXBuildFile; fileRef = 78FACE612A15685200E317AE /* HelpPage.swift */; };
		78FACE642A15686F00E317AE /* filterspage.swift in Sources */ = {isa = PBXBuildFile; fileRef = 78FACE632A15686F00E317AE /* filterspage.swift */; };
		78FACE662A15688C00E317AE /* filterspage2.swift in Sources */ = {isa = PBXBuildFile; fileRef = 78FACE652A15688C00E317AE /* filterspage2.swift */; };
		78FACE682A1568B500E317AE /* ImagePicker.swift in Sources */ = {isa = PBXBuildFile; fileRef = 78FACE672A1568B500E317AE /* ImagePicker.swift */; };
		78FACE6A2A1568C200E317AE /* CreateGameForm.swift in Sources */ = {isa = PBXBuildFile; fileRef = 78FACE692A1568C200E317AE /* CreateGameForm.swift */; };
		78FACE6D2A1568F300E317AE /* WeatherViewModel.swift in Sources */ = {isa = PBXBuildFile; fileRef = 78FACE6C2A1568F300E317AE /* WeatherViewModel.swift */; };
		78FACE722A156EDA00E317AE /* GoogleService-Info.plist in Resources */ = {isa = PBXBuildFile; fileRef = 78FACE712A156ED900E317AE /* GoogleService-Info.plist */; };
		78FACE742A156FB100E317AE /* CreateUserPage.swift in Sources */ = {isa = PBXBuildFile; fileRef = 78FACE732A156FB100E317AE /* CreateUserPage.swift */; };
		78FACE772A15705600E317AE /* FirebaseAnalytics in Frameworks */ = {isa = PBXBuildFile; productRef = 78FACE762A15705600E317AE /* FirebaseAnalytics */; };
		78FACE792A15705600E317AE /* FirebaseAnalyticsSwift in Frameworks */ = {isa = PBXBuildFile; productRef = 78FACE782A15705600E317AE /* FirebaseAnalyticsSwift */; };
		78FACE7B2A15705600E317AE /* FirebaseAuth in Frameworks */ = {isa = PBXBuildFile; productRef = 78FACE7A2A15705600E317AE /* FirebaseAuth */; };
		78FACE7D2A15705600E317AE /* FirebaseDatabase in Frameworks */ = {isa = PBXBuildFile; productRef = 78FACE7C2A15705600E317AE /* FirebaseDatabase */; };
		78FACE7F2A15705600E317AE /* FirebaseDatabaseSwift in Frameworks */ = {isa = PBXBuildFile; productRef = 78FACE7E2A15705600E317AE /* FirebaseDatabaseSwift */; };
		78FACE812A15705600E317AE /* FirebaseFirestore in Frameworks */ = {isa = PBXBuildFile; productRef = 78FACE802A15705600E317AE /* FirebaseFirestore */; };
		78FACE832A15705600E317AE /* FirebaseFirestoreSwift in Frameworks */ = {isa = PBXBuildFile; productRef = 78FACE822A15705600E317AE /* FirebaseFirestoreSwift */; };
		78FACE852A15705600E317AE /* FirebaseStorage in Frameworks */ = {isa = PBXBuildFile; productRef = 78FACE842A15705600E317AE /* FirebaseStorage */; };
		78FACE872A15705600E317AE /* FirebaseStorageCombine-Community in Frameworks */ = {isa = PBXBuildFile; productRef = 78FACE862A15705600E317AE /* FirebaseStorageCombine-Community */; };
/* End PBXBuildFile section */

/* Begin PBXContainerItemProxy section */
		78FACE352A15622200E317AE /* PBXContainerItemProxy */ = {
			isa = PBXContainerItemProxy;
			containerPortal = 78FACE1C2A15622000E317AE /* Project object */;
			proxyType = 1;
			remoteGlobalIDString = 78FACE232A15622100E317AE;
			remoteInfo = Offseason2;
		};
		78FACE3F2A15622200E317AE /* PBXContainerItemProxy */ = {
			isa = PBXContainerItemProxy;
			containerPortal = 78FACE1C2A15622000E317AE /* Project object */;
			proxyType = 1;
			remoteGlobalIDString = 78FACE232A15622100E317AE;
			remoteInfo = Offseason2;
		};
/* End PBXContainerItemProxy section */

/* Begin PBXFileReference section */
		09648BA02A1AAA9600C8BB6F /* Player.swift */ = {isa = PBXFileReference; lastKnownFileType = sourcecode.swift; path = Player.swift; sourceTree = "<group>"; };
		0967AC402A16630300800D73 /* LocationManager.swift */ = {isa = PBXFileReference; fileEncoding = 4; lastKnownFileType = sourcecode.swift; path = LocationManager.swift; sourceTree = "<group>"; };
		0967AC422A166AEA00800D73 /* Annotation.swift */ = {isa = PBXFileReference; lastKnownFileType = sourcecode.swift; path = Annotation.swift; sourceTree = "<group>"; };
		0967AC442A166DA300800D73 /* EventPlace.swift */ = {isa = PBXFileReference; lastKnownFileType = sourcecode.swift; path = EventPlace.swift; sourceTree = "<group>"; };
		0967AC462A166E2100800D73 /* EventPlaceViewModel.swift */ = {isa = PBXFileReference; lastKnownFileType = sourcecode.swift; path = EventPlaceViewModel.swift; sourceTree = "<group>"; };
		0967AC4B2A166F5100800D73 /* EventViewModel.swift */ = {isa = PBXFileReference; fileEncoding = 4; lastKnownFileType = sourcecode.swift; path = EventViewModel.swift; sourceTree = "<group>"; };
		0967AC522A16874100800D73 /* Event.swift */ = {isa = PBXFileReference; fileEncoding = 4; lastKnownFileType = sourcecode.swift; path = Event.swift; sourceTree = "<group>"; };
		0967AC582A168B2100800D73 /* AddEvent.swift */ = {isa = PBXFileReference; fileEncoding = 4; lastKnownFileType = sourcecode.swift; path = AddEvent.swift; sourceTree = "<group>"; };
		097A2FEA2A1D43E700D6B1D9 /* SpotDetailPhotosScrollView.swift */ = {isa = PBXFileReference; fileEncoding = 4; lastKnownFileType = sourcecode.swift; path = SpotDetailPhotosScrollView.swift; sourceTree = "<group>"; };
		097A2FEC2A1D441E00D6B1D9 /* Photo.swift */ = {isa = PBXFileReference; fileEncoding = 4; lastKnownFileType = sourcecode.swift; path = Photo.swift; sourceTree = "<group>"; };
		097A2FEE2A1D445A00D6B1D9 /* PhotoView.swift */ = {isa = PBXFileReference; fileEncoding = 4; lastKnownFileType = sourcecode.swift; path = PhotoView.swift; sourceTree = "<group>"; };
		0982E1D62A17E20300A30380 /* LocationMapPin.swift */ = {isa = PBXFileReference; lastKnownFileType = sourcecode.swift; path = LocationMapPin.swift; sourceTree = "<group>"; };
		098BF25B2A169BF500280650 /* PlaceLookupView.swift */ = {isa = PBXFileReference; fileEncoding = 4; lastKnownFileType = sourcecode.swift; path = PlaceLookupView.swift; sourceTree = "<group>"; };
		098BF25D2A16E0A200280650 /* TestDataView.swift */ = {isa = PBXFileReference; lastKnownFileType = sourcecode.swift; path = TestDataView.swift; sourceTree = "<group>"; };
		0992A3102A1BEBAF00FB9575 /* ExploreCard.swift */ = {isa = PBXFileReference; fileEncoding = 4; lastKnownFileType = sourcecode.swift; path = ExploreCard.swift; sourceTree = "<group>"; };
		09B66A042A17D2B300F1C18F /* MapViewModel.swift */ = {isa = PBXFileReference; lastKnownFileType = sourcecode.swift; path = MapViewModel.swift; sourceTree = "<group>"; };
		6C3A522A2A1BF25800EA6F8D /*  GameDetailsView.swift */ = {isa = PBXFileReference; fileEncoding = 4; lastKnownFileType = sourcecode.swift; path = " GameDetailsView.swift"; sourceTree = "<group>"; };
		78FACE242A15622100E317AE /* Offseason2.app */ = {isa = PBXFileReference; explicitFileType = wrapper.application; includeInIndex = 0; path = Offseason2.app; sourceTree = BUILT_PRODUCTS_DIR; };
		78FACE272A15622100E317AE /* Offseason2App.swift */ = {isa = PBXFileReference; lastKnownFileType = sourcecode.swift; path = Offseason2App.swift; sourceTree = "<group>"; };
		78FACE292A15622100E317AE /* ContentView.swift */ = {isa = PBXFileReference; lastKnownFileType = sourcecode.swift; path = ContentView.swift; sourceTree = "<group>"; };
		78FACE2B2A15622100E317AE /* Assets.xcassets */ = {isa = PBXFileReference; lastKnownFileType = folder.assetcatalog; path = Assets.xcassets; sourceTree = "<group>"; };
		78FACE2E2A15622100E317AE /* Preview Assets.xcassets */ = {isa = PBXFileReference; lastKnownFileType = folder.assetcatalog; path = "Preview Assets.xcassets"; sourceTree = "<group>"; };
		78FACE342A15622200E317AE /* Offseason2Tests.xctest */ = {isa = PBXFileReference; explicitFileType = wrapper.cfbundle; includeInIndex = 0; path = Offseason2Tests.xctest; sourceTree = BUILT_PRODUCTS_DIR; };
		78FACE382A15622200E317AE /* Offseason2Tests.swift */ = {isa = PBXFileReference; lastKnownFileType = sourcecode.swift; path = Offseason2Tests.swift; sourceTree = "<group>"; };
		78FACE3E2A15622200E317AE /* Offseason2UITests.xctest */ = {isa = PBXFileReference; explicitFileType = wrapper.cfbundle; includeInIndex = 0; path = Offseason2UITests.xctest; sourceTree = BUILT_PRODUCTS_DIR; };
		78FACE422A15622200E317AE /* Offseason2UITests.swift */ = {isa = PBXFileReference; lastKnownFileType = sourcecode.swift; path = Offseason2UITests.swift; sourceTree = "<group>"; };
		78FACE442A15622200E317AE /* Offseason2UITestsLaunchTests.swift */ = {isa = PBXFileReference; lastKnownFileType = sourcecode.swift; path = Offseason2UITestsLaunchTests.swift; sourceTree = "<group>"; };
		78FACE532A15659700E317AE /* HomePage.swift */ = {isa = PBXFileReference; lastKnownFileType = sourcecode.swift; path = HomePage.swift; sourceTree = "<group>"; };
		78FACE552A1565AA00E317AE /* ExplorePage.swift */ = {isa = PBXFileReference; lastKnownFileType = sourcecode.swift; path = ExplorePage.swift; sourceTree = "<group>"; };
		78FACE572A1565BD00E317AE /* Mygames.swift */ = {isa = PBXFileReference; lastKnownFileType = sourcecode.swift; path = Mygames.swift; sourceTree = "<group>"; };
		78FACE592A1565D200E317AE /* ProfilePage.swift */ = {isa = PBXFileReference; lastKnownFileType = sourcecode.swift; path = ProfilePage.swift; sourceTree = "<group>"; };
		78FACE5B2A15681E00E317AE /* GamePage.swift */ = {isa = PBXFileReference; lastKnownFileType = sourcecode.swift; path = GamePage.swift; sourceTree = "<group>"; };
		78FACE5D2A15683000E317AE /* WeatherPage.swift */ = {isa = PBXFileReference; lastKnownFileType = sourcecode.swift; path = WeatherPage.swift; sourceTree = "<group>"; };
		78FACE5F2A15684300E317AE /* NotificationPage.swift */ = {isa = PBXFileReference; lastKnownFileType = sourcecode.swift; path = NotificationPage.swift; sourceTree = "<group>"; };
		78FACE612A15685200E317AE /* HelpPage.swift */ = {isa = PBXFileReference; lastKnownFileType = sourcecode.swift; path = HelpPage.swift; sourceTree = "<group>"; };
		78FACE632A15686F00E317AE /* filterspage.swift */ = {isa = PBXFileReference; lastKnownFileType = sourcecode.swift; path = filterspage.swift; sourceTree = "<group>"; };
		78FACE652A15688C00E317AE /* filterspage2.swift */ = {isa = PBXFileReference; lastKnownFileType = sourcecode.swift; path = filterspage2.swift; sourceTree = "<group>"; };
		78FACE672A1568B500E317AE /* ImagePicker.swift */ = {isa = PBXFileReference; lastKnownFileType = sourcecode.swift; path = ImagePicker.swift; sourceTree = "<group>"; };
		78FACE692A1568C200E317AE /* CreateGameForm.swift */ = {isa = PBXFileReference; lastKnownFileType = sourcecode.swift; path = CreateGameForm.swift; sourceTree = "<group>"; };
		78FACE6C2A1568F300E317AE /* WeatherViewModel.swift */ = {isa = PBXFileReference; lastKnownFileType = sourcecode.swift; path = WeatherViewModel.swift; sourceTree = "<group>"; };
		78FACE6E2A15691900E317AE /* Offseason2.entitlements */ = {isa = PBXFileReference; lastKnownFileType = text.plist.entitlements; path = Offseason2.entitlements; sourceTree = "<group>"; };
		78FACE712A156ED900E317AE /* GoogleService-Info.plist */ = {isa = PBXFileReference; fileEncoding = 4; lastKnownFileType = text.plist.xml; path = "GoogleService-Info.plist"; sourceTree = "<group>"; };
		78FACE732A156FB100E317AE /* CreateUserPage.swift */ = {isa = PBXFileReference; lastKnownFileType = sourcecode.swift; path = CreateUserPage.swift; sourceTree = "<group>"; };
/* End PBXFileReference section */

/* Begin PBXFrameworksBuildPhase section */
		78FACE212A15622100E317AE /* Frameworks */ = {
			isa = PBXFrameworksBuildPhase;
			buildActionMask = 2147483647;
			files = (
				78FACE7F2A15705600E317AE /* FirebaseDatabaseSwift in Frameworks */,
				78FACE792A15705600E317AE /* FirebaseAnalyticsSwift in Frameworks */,
				78FACE7B2A15705600E317AE /* FirebaseAuth in Frameworks */,
				78FACE832A15705600E317AE /* FirebaseFirestoreSwift in Frameworks */,
				78FACE7D2A15705600E317AE /* FirebaseDatabase in Frameworks */,
				78FACE852A15705600E317AE /* FirebaseStorage in Frameworks */,
				78FACE772A15705600E317AE /* FirebaseAnalytics in Frameworks */,
				78FACE872A15705600E317AE /* FirebaseStorageCombine-Community in Frameworks */,
				78FACE812A15705600E317AE /* FirebaseFirestore in Frameworks */,
			);
			runOnlyForDeploymentPostprocessing = 0;
		};
		78FACE312A15622200E317AE /* Frameworks */ = {
			isa = PBXFrameworksBuildPhase;
			buildActionMask = 2147483647;
			files = (
			);
			runOnlyForDeploymentPostprocessing = 0;
		};
		78FACE3B2A15622200E317AE /* Frameworks */ = {
			isa = PBXFrameworksBuildPhase;
			buildActionMask = 2147483647;
			files = (
			);
			runOnlyForDeploymentPostprocessing = 0;
		};
/* End PBXFrameworksBuildPhase section */

/* Begin PBXGroup section */
		0967AC3F2A1662C600800D73 /* ViewModels  */ = {
			isa = PBXGroup;
			children = (
				0967AC402A16630300800D73 /* LocationManager.swift */,
				09B66A042A17D2B300F1C18F /* MapViewModel.swift */,
				0967AC4B2A166F5100800D73 /* EventViewModel.swift */,
				0967AC462A166E2100800D73 /* EventPlaceViewModel.swift */,
			);
			path = "ViewModels ";
			sourceTree = "<group>";
		};
		78FACE1B2A15622000E317AE = {
			isa = PBXGroup;
			children = (
				098BF25D2A16E0A200280650 /* TestDataView.swift */,
				097A2FEC2A1D441E00D6B1D9 /* Photo.swift */,
				097A2FEE2A1D445A00D6B1D9 /* PhotoView.swift */,
				097A2FEA2A1D43E700D6B1D9 /* SpotDetailPhotosScrollView.swift */,
				78FACE262A15622100E317AE /* Offseason2 */,
				78FACE372A15622200E317AE /* Offseason2Tests */,
				78FACE412A15622200E317AE /* Offseason2UITests */,
				78FACE252A15622100E317AE /* Products */,
			);
			sourceTree = "<group>";
		};
		78FACE252A15622100E317AE /* Products */ = {
			isa = PBXGroup;
			children = (
				78FACE242A15622100E317AE /* Offseason2.app */,
				78FACE342A15622200E317AE /* Offseason2Tests.xctest */,
				78FACE3E2A15622200E317AE /* Offseason2UITests.xctest */,
			);
			name = Products;
			sourceTree = "<group>";
		};
		78FACE262A15622100E317AE /* Offseason2 */ = {
			isa = PBXGroup;
			children = (
				78FACE6E2A15691900E317AE /* Offseason2.entitlements */,
				78FACE272A15622100E317AE /* Offseason2App.swift */,
				78FACE292A15622100E317AE /* ContentView.swift */,
				78FACE6F2A156E6E00E317AE /* Views */,
				0967AC3F2A1662C600800D73 /* ViewModels  */,
				78FACE6B2A1568D600E317AE /* Models */,
				78FACE2B2A15622100E317AE /* Assets.xcassets */,
				78FACE702A156E8800E317AE /* Utils */,
				78FACE2D2A15622100E317AE /* Preview Content */,
			);
			path = Offseason2;
			sourceTree = "<group>";
		};
		78FACE2D2A15622100E317AE /* Preview Content */ = {
			isa = PBXGroup;
			children = (
				78FACE2E2A15622100E317AE /* Preview Assets.xcassets */,
			);
			path = "Preview Content";
			sourceTree = "<group>";
		};
		78FACE372A15622200E317AE /* Offseason2Tests */ = {
			isa = PBXGroup;
			children = (
				78FACE382A15622200E317AE /* Offseason2Tests.swift */,
			);
			path = Offseason2Tests;
			sourceTree = "<group>";
		};
		78FACE412A15622200E317AE /* Offseason2UITests */ = {
			isa = PBXGroup;
			children = (
				78FACE422A15622200E317AE /* Offseason2UITests.swift */,
				78FACE442A15622200E317AE /* Offseason2UITestsLaunchTests.swift */,
			);
			path = Offseason2UITests;
			sourceTree = "<group>";
		};
		78FACE6B2A1568D600E317AE /* Models */ = {
			isa = PBXGroup;
			children = (
				0967AC522A16874100800D73 /* Event.swift */,
				78FACE6C2A1568F300E317AE /* WeatherViewModel.swift */,
				0967AC422A166AEA00800D73 /* Annotation.swift */,
				0967AC442A166DA300800D73 /* EventPlace.swift */,
				09648BA02A1AAA9600C8BB6F /* Player.swift */,
			);
			path = Models;
			sourceTree = "<group>";
		};
		78FACE6F2A156E6E00E317AE /* Views */ = {
			isa = PBXGroup;
			children = (
				6C3A522A2A1BF25800EA6F8D /*  GameDetailsView.swift */,
				0992A3102A1BEBAF00FB9575 /* ExploreCard.swift */,
				78FACE732A156FB100E317AE /* CreateUserPage.swift */,
				78FACE532A15659700E317AE /* HomePage.swift */,
				78FACE5B2A15681E00E317AE /* GamePage.swift */,
				098BF25B2A169BF500280650 /* PlaceLookupView.swift */,
				78FACE5F2A15684300E317AE /* NotificationPage.swift */,
				78FACE572A1565BD00E317AE /* Mygames.swift */,
				78FACE652A15688C00E317AE /* filterspage2.swift */,
				0982E1D62A17E20300A30380 /* LocationMapPin.swift */,
				78FACE592A1565D200E317AE /* ProfilePage.swift */,
				0967AC582A168B2100800D73 /* AddEvent.swift */,
				78FACE612A15685200E317AE /* HelpPage.swift */,
				78FACE632A15686F00E317AE /* filterspage.swift */,
				78FACE552A1565AA00E317AE /* ExplorePage.swift */,
				78FACE692A1568C200E317AE /* CreateGameForm.swift */,
				78FACE5D2A15683000E317AE /* WeatherPage.swift */,
			);
			path = Views;
			sourceTree = "<group>";
		};
		78FACE702A156E8800E317AE /* Utils */ = {
			isa = PBXGroup;
			children = (
				78FACE672A1568B500E317AE /* ImagePicker.swift */,
				78FACE712A156ED900E317AE /* GoogleService-Info.plist */,
			);
			path = Utils;
			sourceTree = "<group>";
		};
/* End PBXGroup section */

/* Begin PBXNativeTarget section */
		78FACE232A15622100E317AE /* Offseason2 */ = {
			isa = PBXNativeTarget;
			buildConfigurationList = 78FACE482A15622200E317AE /* Build configuration list for PBXNativeTarget "Offseason2" */;
			buildPhases = (
				78FACE202A15622100E317AE /* Sources */,
				78FACE212A15622100E317AE /* Frameworks */,
				78FACE222A15622100E317AE /* Resources */,
			);
			buildRules = (
			);
			dependencies = (
			);
			name = Offseason2;
			packageProductDependencies = (
				78FACE762A15705600E317AE /* FirebaseAnalytics */,
				78FACE782A15705600E317AE /* FirebaseAnalyticsSwift */,
				78FACE7A2A15705600E317AE /* FirebaseAuth */,
				78FACE7C2A15705600E317AE /* FirebaseDatabase */,
				78FACE7E2A15705600E317AE /* FirebaseDatabaseSwift */,
				78FACE802A15705600E317AE /* FirebaseFirestore */,
				78FACE822A15705600E317AE /* FirebaseFirestoreSwift */,
				78FACE842A15705600E317AE /* FirebaseStorage */,
				78FACE862A15705600E317AE /* FirebaseStorageCombine-Community */,
			);
			productName = Offseason2;
			productReference = 78FACE242A15622100E317AE /* Offseason2.app */;
			productType = "com.apple.product-type.application";
		};
		78FACE332A15622200E317AE /* Offseason2Tests */ = {
			isa = PBXNativeTarget;
			buildConfigurationList = 78FACE4B2A15622200E317AE /* Build configuration list for PBXNativeTarget "Offseason2Tests" */;
			buildPhases = (
				78FACE302A15622200E317AE /* Sources */,
				78FACE312A15622200E317AE /* Frameworks */,
				78FACE322A15622200E317AE /* Resources */,
			);
			buildRules = (
			);
			dependencies = (
				78FACE362A15622200E317AE /* PBXTargetDependency */,
			);
			name = Offseason2Tests;
			productName = Offseason2Tests;
			productReference = 78FACE342A15622200E317AE /* Offseason2Tests.xctest */;
			productType = "com.apple.product-type.bundle.unit-test";
		};
		78FACE3D2A15622200E317AE /* Offseason2UITests */ = {
			isa = PBXNativeTarget;
			buildConfigurationList = 78FACE4E2A15622200E317AE /* Build configuration list for PBXNativeTarget "Offseason2UITests" */;
			buildPhases = (
				78FACE3A2A15622200E317AE /* Sources */,
				78FACE3B2A15622200E317AE /* Frameworks */,
				78FACE3C2A15622200E317AE /* Resources */,
			);
			buildRules = (
			);
			dependencies = (
				78FACE402A15622200E317AE /* PBXTargetDependency */,
			);
			name = Offseason2UITests;
			productName = Offseason2UITests;
			productReference = 78FACE3E2A15622200E317AE /* Offseason2UITests.xctest */;
			productType = "com.apple.product-type.bundle.ui-testing";
		};
/* End PBXNativeTarget section */

/* Begin PBXProject section */
		78FACE1C2A15622000E317AE /* Project object */ = {
			isa = PBXProject;
			attributes = {
				BuildIndependentTargetsInParallel = 1;
				LastSwiftUpdateCheck = 1430;
				LastUpgradeCheck = 1430;
				TargetAttributes = {
					78FACE232A15622100E317AE = {
						CreatedOnToolsVersion = 14.3;
					};
					78FACE332A15622200E317AE = {
						CreatedOnToolsVersion = 14.3;
						TestTargetID = 78FACE232A15622100E317AE;
					};
					78FACE3D2A15622200E317AE = {
						CreatedOnToolsVersion = 14.3;
						TestTargetID = 78FACE232A15622100E317AE;
					};
				};
			};
			buildConfigurationList = 78FACE1F2A15622000E317AE /* Build configuration list for PBXProject "Offseason2" */;
			compatibilityVersion = "Xcode 14.0";
			developmentRegion = en;
			hasScannedForEncodings = 0;
			knownRegions = (
				en,
				Base,
			);
			mainGroup = 78FACE1B2A15622000E317AE;
			packageReferences = (
				78FACE752A15705600E317AE /* XCRemoteSwiftPackageReference "firebase-ios-sdk" */,
			);
			productRefGroup = 78FACE252A15622100E317AE /* Products */;
			projectDirPath = "";
			projectRoot = "";
			targets = (
				78FACE232A15622100E317AE /* Offseason2 */,
				78FACE332A15622200E317AE /* Offseason2Tests */,
				78FACE3D2A15622200E317AE /* Offseason2UITests */,
			);
		};
/* End PBXProject section */

/* Begin PBXResourcesBuildPhase section */
		78FACE222A15622100E317AE /* Resources */ = {
			isa = PBXResourcesBuildPhase;
			buildActionMask = 2147483647;
			files = (
				78FACE2F2A15622100E317AE /* Preview Assets.xcassets in Resources */,
				78FACE722A156EDA00E317AE /* GoogleService-Info.plist in Resources */,
				78FACE2C2A15622100E317AE /* Assets.xcassets in Resources */,
			);
			runOnlyForDeploymentPostprocessing = 0;
		};
		78FACE322A15622200E317AE /* Resources */ = {
			isa = PBXResourcesBuildPhase;
			buildActionMask = 2147483647;
			files = (
			);
			runOnlyForDeploymentPostprocessing = 0;
		};
		78FACE3C2A15622200E317AE /* Resources */ = {
			isa = PBXResourcesBuildPhase;
			buildActionMask = 2147483647;
			files = (
			);
			runOnlyForDeploymentPostprocessing = 0;
		};
/* End PBXResourcesBuildPhase section */

/* Begin PBXSourcesBuildPhase section */
		78FACE202A15622100E317AE /* Sources */ = {
			isa = PBXSourcesBuildPhase;
			buildActionMask = 2147483647;
			files = (
				0992A3112A1BEBAF00FB9575 /* ExploreCard.swift in Sources */,
				78FACE682A1568B500E317AE /* ImagePicker.swift in Sources */,
				0982E1D72A17E20300A30380 /* LocationMapPin.swift in Sources */,
				0967AC412A16630300800D73 /* LocationManager.swift in Sources */,
				78FACE5A2A1565D200E317AE /* ProfilePage.swift in Sources */,
				78FACE5E2A15683000E317AE /* WeatherPage.swift in Sources */,
				098BF25E2A16E0A200280650 /* TestDataView.swift in Sources */,
				6C3A522B2A1BF25800EA6F8D /*  GameDetailsView.swift in Sources */,
				78FACE562A1565AA00E317AE /* ExplorePage.swift in Sources */,
				78FACE602A15684300E317AE /* NotificationPage.swift in Sources */,
				78FACE2A2A15622100E317AE /* ContentView.swift in Sources */,
				78FACE662A15688C00E317AE /* filterspage2.swift in Sources */,
				0967AC4F2A166F5100800D73 /* EventViewModel.swift in Sources */,
				09648BA12A1AAA9600C8BB6F /* Player.swift in Sources */,
				0967AC452A166DA300800D73 /* EventPlace.swift in Sources */,
				78FACE622A15685200E317AE /* HelpPage.swift in Sources */,
				097A2FED2A1D441E00D6B1D9 /* Photo.swift in Sources */,
				78FACE5C2A15681E00E317AE /* GamePage.swift in Sources */,
				78FACE582A1565BD00E317AE /* Mygames.swift in Sources */,
				78FACE6D2A1568F300E317AE /* WeatherViewModel.swift in Sources */,
				78FACE542A15659700E317AE /* HomePage.swift in Sources */,
				78FACE282A15622100E317AE /* Offseason2App.swift in Sources */,
				0967AC472A166E2100800D73 /* EventPlaceViewModel.swift in Sources */,
				78FACE642A15686F00E317AE /* filterspage.swift in Sources */,
				097A2FEB2A1D43E700D6B1D9 /* SpotDetailPhotosScrollView.swift in Sources */,
				78FACE6A2A1568C200E317AE /* CreateGameForm.swift in Sources */,
				0967AC532A16874100800D73 /* Event.swift in Sources */,
				097A2FEF2A1D445A00D6B1D9 /* PhotoView.swift in Sources */,
				0967AC432A166AEA00800D73 /* Annotation.swift in Sources */,
				098BF25C2A169BF500280650 /* PlaceLookupView.swift in Sources */,
				78FACE742A156FB100E317AE /* CreateUserPage.swift in Sources */,
				0967AC592A168B2100800D73 /* AddEvent.swift in Sources */,
				09B66A052A17D2B300F1C18F /* MapViewModel.swift in Sources */,
			);
			runOnlyForDeploymentPostprocessing = 0;
		};
		78FACE302A15622200E317AE /* Sources */ = {
			isa = PBXSourcesBuildPhase;
			buildActionMask = 2147483647;
			files = (
				78FACE392A15622200E317AE /* Offseason2Tests.swift in Sources */,
			);
			runOnlyForDeploymentPostprocessing = 0;
		};
		78FACE3A2A15622200E317AE /* Sources */ = {
			isa = PBXSourcesBuildPhase;
			buildActionMask = 2147483647;
			files = (
				78FACE452A15622200E317AE /* Offseason2UITestsLaunchTests.swift in Sources */,
				78FACE432A15622200E317AE /* Offseason2UITests.swift in Sources */,
			);
			runOnlyForDeploymentPostprocessing = 0;
		};
/* End PBXSourcesBuildPhase section */

/* Begin PBXTargetDependency section */
		78FACE362A15622200E317AE /* PBXTargetDependency */ = {
			isa = PBXTargetDependency;
			target = 78FACE232A15622100E317AE /* Offseason2 */;
			targetProxy = 78FACE352A15622200E317AE /* PBXContainerItemProxy */;
		};
		78FACE402A15622200E317AE /* PBXTargetDependency */ = {
			isa = PBXTargetDependency;
			target = 78FACE232A15622100E317AE /* Offseason2 */;
			targetProxy = 78FACE3F2A15622200E317AE /* PBXContainerItemProxy */;
		};
/* End PBXTargetDependency section */

/* Begin XCBuildConfiguration section */
		78FACE462A15622200E317AE /* Debug */ = {
			isa = XCBuildConfiguration;
			buildSettings = {
				ALWAYS_SEARCH_USER_PATHS = NO;
				CLANG_ANALYZER_NONNULL = YES;
				CLANG_ANALYZER_NUMBER_OBJECT_CONVERSION = YES_AGGRESSIVE;
				CLANG_CXX_LANGUAGE_STANDARD = "gnu++20";
				CLANG_ENABLE_MODULES = YES;
				CLANG_ENABLE_OBJC_ARC = YES;
				CLANG_ENABLE_OBJC_WEAK = YES;
				CLANG_WARN_BLOCK_CAPTURE_AUTORELEASING = YES;
				CLANG_WARN_BOOL_CONVERSION = YES;
				CLANG_WARN_COMMA = YES;
				CLANG_WARN_CONSTANT_CONVERSION = YES;
				CLANG_WARN_DEPRECATED_OBJC_IMPLEMENTATIONS = YES;
				CLANG_WARN_DIRECT_OBJC_ISA_USAGE = YES_ERROR;
				CLANG_WARN_DOCUMENTATION_COMMENTS = YES;
				CLANG_WARN_EMPTY_BODY = YES;
				CLANG_WARN_ENUM_CONVERSION = YES;
				CLANG_WARN_INFINITE_RECURSION = YES;
				CLANG_WARN_INT_CONVERSION = YES;
				CLANG_WARN_NON_LITERAL_NULL_CONVERSION = YES;
				CLANG_WARN_OBJC_IMPLICIT_RETAIN_SELF = YES;
				CLANG_WARN_OBJC_LITERAL_CONVERSION = YES;
				CLANG_WARN_OBJC_ROOT_CLASS = YES_ERROR;
				CLANG_WARN_QUOTED_INCLUDE_IN_FRAMEWORK_HEADER = YES;
				CLANG_WARN_RANGE_LOOP_ANALYSIS = YES;
				CLANG_WARN_STRICT_PROTOTYPES = YES;
				CLANG_WARN_SUSPICIOUS_MOVE = YES;
				CLANG_WARN_UNGUARDED_AVAILABILITY = YES_AGGRESSIVE;
				CLANG_WARN_UNREACHABLE_CODE = YES;
				CLANG_WARN__DUPLICATE_METHOD_MATCH = YES;
				COPY_PHASE_STRIP = NO;
				DEBUG_INFORMATION_FORMAT = dwarf;
				ENABLE_STRICT_OBJC_MSGSEND = YES;
				ENABLE_TESTABILITY = YES;
				GCC_C_LANGUAGE_STANDARD = gnu11;
				GCC_DYNAMIC_NO_PIC = NO;
				GCC_NO_COMMON_BLOCKS = YES;
				GCC_OPTIMIZATION_LEVEL = 0;
				GCC_PREPROCESSOR_DEFINITIONS = (
					"DEBUG=1",
					"$(inherited)",
				);
				GCC_WARN_64_TO_32_BIT_CONVERSION = YES;
				GCC_WARN_ABOUT_RETURN_TYPE = YES_ERROR;
				GCC_WARN_UNDECLARED_SELECTOR = YES;
				GCC_WARN_UNINITIALIZED_AUTOS = YES_AGGRESSIVE;
				GCC_WARN_UNUSED_FUNCTION = YES;
				GCC_WARN_UNUSED_VARIABLE = YES;
				IPHONEOS_DEPLOYMENT_TARGET = 16.4;
				MTL_ENABLE_DEBUG_INFO = INCLUDE_SOURCE;
				MTL_FAST_MATH = YES;
				ONLY_ACTIVE_ARCH = YES;
				SDKROOT = iphoneos;
				SWIFT_ACTIVE_COMPILATION_CONDITIONS = DEBUG;
				SWIFT_OPTIMIZATION_LEVEL = "-Onone";
			};
			name = Debug;
		};
		78FACE472A15622200E317AE /* Release */ = {
			isa = XCBuildConfiguration;
			buildSettings = {
				ALWAYS_SEARCH_USER_PATHS = NO;
				CLANG_ANALYZER_NONNULL = YES;
				CLANG_ANALYZER_NUMBER_OBJECT_CONVERSION = YES_AGGRESSIVE;
				CLANG_CXX_LANGUAGE_STANDARD = "gnu++20";
				CLANG_ENABLE_MODULES = YES;
				CLANG_ENABLE_OBJC_ARC = YES;
				CLANG_ENABLE_OBJC_WEAK = YES;
				CLANG_WARN_BLOCK_CAPTURE_AUTORELEASING = YES;
				CLANG_WARN_BOOL_CONVERSION = YES;
				CLANG_WARN_COMMA = YES;
				CLANG_WARN_CONSTANT_CONVERSION = YES;
				CLANG_WARN_DEPRECATED_OBJC_IMPLEMENTATIONS = YES;
				CLANG_WARN_DIRECT_OBJC_ISA_USAGE = YES_ERROR;
				CLANG_WARN_DOCUMENTATION_COMMENTS = YES;
				CLANG_WARN_EMPTY_BODY = YES;
				CLANG_WARN_ENUM_CONVERSION = YES;
				CLANG_WARN_INFINITE_RECURSION = YES;
				CLANG_WARN_INT_CONVERSION = YES;
				CLANG_WARN_NON_LITERAL_NULL_CONVERSION = YES;
				CLANG_WARN_OBJC_IMPLICIT_RETAIN_SELF = YES;
				CLANG_WARN_OBJC_LITERAL_CONVERSION = YES;
				CLANG_WARN_OBJC_ROOT_CLASS = YES_ERROR;
				CLANG_WARN_QUOTED_INCLUDE_IN_FRAMEWORK_HEADER = YES;
				CLANG_WARN_RANGE_LOOP_ANALYSIS = YES;
				CLANG_WARN_STRICT_PROTOTYPES = YES;
				CLANG_WARN_SUSPICIOUS_MOVE = YES;
				CLANG_WARN_UNGUARDED_AVAILABILITY = YES_AGGRESSIVE;
				CLANG_WARN_UNREACHABLE_CODE = YES;
				CLANG_WARN__DUPLICATE_METHOD_MATCH = YES;
				COPY_PHASE_STRIP = NO;
				DEBUG_INFORMATION_FORMAT = "dwarf-with-dsym";
				ENABLE_NS_ASSERTIONS = NO;
				ENABLE_STRICT_OBJC_MSGSEND = YES;
				GCC_C_LANGUAGE_STANDARD = gnu11;
				GCC_NO_COMMON_BLOCKS = YES;
				GCC_WARN_64_TO_32_BIT_CONVERSION = YES;
				GCC_WARN_ABOUT_RETURN_TYPE = YES_ERROR;
				GCC_WARN_UNDECLARED_SELECTOR = YES;
				GCC_WARN_UNINITIALIZED_AUTOS = YES_AGGRESSIVE;
				GCC_WARN_UNUSED_FUNCTION = YES;
				GCC_WARN_UNUSED_VARIABLE = YES;
				IPHONEOS_DEPLOYMENT_TARGET = 16.4;
				MTL_ENABLE_DEBUG_INFO = NO;
				MTL_FAST_MATH = YES;
				SDKROOT = iphoneos;
				SWIFT_COMPILATION_MODE = wholemodule;
				SWIFT_OPTIMIZATION_LEVEL = "-O";
				VALIDATE_PRODUCT = YES;
			};
			name = Release;
		};
		78FACE492A15622200E317AE /* Debug */ = {
			isa = XCBuildConfiguration;
			buildSettings = {
				ASSETCATALOG_COMPILER_APPICON_NAME = AppIcon;
				ASSETCATALOG_COMPILER_GLOBAL_ACCENT_COLOR_NAME = AccentColor;
				CODE_SIGN_ENTITLEMENTS = Offseason2/Offseason2.entitlements;
				CODE_SIGN_STYLE = Automatic;
				CURRENT_PROJECT_VERSION = 1;
				DEVELOPMENT_ASSET_PATHS = "\"Offseason2/Preview Content\"";
				DEVELOPMENT_TEAM = Q883HJGNY5;
				ENABLE_PREVIEWS = YES;
				GENERATE_INFOPLIST_FILE = YES;
				INFOPLIST_KEY_NSLocationAlwaysAndWhenInUseUsageDescription = "This app requires access to the devices location";
				INFOPLIST_KEY_NSLocationWhenInUseUsageDescription = "This app requires access to the devices location";
				INFOPLIST_KEY_UIApplicationSceneManifest_Generation = YES;
				INFOPLIST_KEY_UIApplicationSupportsIndirectInputEvents = YES;
				INFOPLIST_KEY_UILaunchScreen_Generation = YES;
				INFOPLIST_KEY_UISupportedInterfaceOrientations_iPad = "UIInterfaceOrientationPortrait UIInterfaceOrientationPortraitUpsideDown UIInterfaceOrientationLandscapeLeft UIInterfaceOrientationLandscapeRight";
				INFOPLIST_KEY_UISupportedInterfaceOrientations_iPhone = "UIInterfaceOrientationPortrait UIInterfaceOrientationLandscapeLeft UIInterfaceOrientationLandscapeRight";
				LD_RUNPATH_SEARCH_PATHS = (
					"$(inherited)",
					"@executable_path/Frameworks",
				);
				MARKETING_VERSION = 1.0;
				PRODUCT_BUNDLE_IDENTIFIER = com.theXcodes.Offseason2;
				PRODUCT_NAME = "$(TARGET_NAME)";
				SWIFT_EMIT_LOC_STRINGS = YES;
				SWIFT_VERSION = 5.0;
				TARGETED_DEVICE_FAMILY = "1,2";
			};
			name = Debug;
		};
		78FACE4A2A15622200E317AE /* Release */ = {
			isa = XCBuildConfiguration;
			buildSettings = {
				ASSETCATALOG_COMPILER_APPICON_NAME = AppIcon;
				ASSETCATALOG_COMPILER_GLOBAL_ACCENT_COLOR_NAME = AccentColor;
				CODE_SIGN_ENTITLEMENTS = Offseason2/Offseason2.entitlements;
				CODE_SIGN_STYLE = Automatic;
				CURRENT_PROJECT_VERSION = 1;
				DEVELOPMENT_ASSET_PATHS = "\"Offseason2/Preview Content\"";
				DEVELOPMENT_TEAM = Q883HJGNY5;
				ENABLE_PREVIEWS = YES;
				GENERATE_INFOPLIST_FILE = YES;
				INFOPLIST_KEY_NSLocationAlwaysAndWhenInUseUsageDescription = "This app requires access to the devices location";
				INFOPLIST_KEY_NSLocationWhenInUseUsageDescription = "This app requires access to the devices location";
				INFOPLIST_KEY_UIApplicationSceneManifest_Generation = YES;
				INFOPLIST_KEY_UIApplicationSupportsIndirectInputEvents = YES;
				INFOPLIST_KEY_UILaunchScreen_Generation = YES;
				INFOPLIST_KEY_UISupportedInterfaceOrientations_iPad = "UIInterfaceOrientationPortrait UIInterfaceOrientationPortraitUpsideDown UIInterfaceOrientationLandscapeLeft UIInterfaceOrientationLandscapeRight";
				INFOPLIST_KEY_UISupportedInterfaceOrientations_iPhone = "UIInterfaceOrientationPortrait UIInterfaceOrientationLandscapeLeft UIInterfaceOrientationLandscapeRight";
				LD_RUNPATH_SEARCH_PATHS = (
					"$(inherited)",
					"@executable_path/Frameworks",
				);
				MARKETING_VERSION = 1.0;
				PRODUCT_BUNDLE_IDENTIFIER = com.theXcodes.Offseason2;
				PRODUCT_NAME = "$(TARGET_NAME)";
				SWIFT_EMIT_LOC_STRINGS = YES;
				SWIFT_VERSION = 5.0;
				TARGETED_DEVICE_FAMILY = "1,2";
			};
			name = Release;
		};
		78FACE4C2A15622200E317AE /* Debug */ = {
			isa = XCBuildConfiguration;
			buildSettings = {
				ALWAYS_EMBED_SWIFT_STANDARD_LIBRARIES = YES;
				BUNDLE_LOADER = "$(TEST_HOST)";
				CODE_SIGN_STYLE = Automatic;
				CURRENT_PROJECT_VERSION = 1;
				DEVELOPMENT_TEAM = 73U243ADJK;
				GENERATE_INFOPLIST_FILE = YES;
				IPHONEOS_DEPLOYMENT_TARGET = 16.4;
				MARKETING_VERSION = 1.0;
				PRODUCT_BUNDLE_IDENTIFIER = com.academy.Offseason2Tests;
				PRODUCT_NAME = "$(TARGET_NAME)";
				SWIFT_EMIT_LOC_STRINGS = NO;
				SWIFT_VERSION = 5.0;
				TARGETED_DEVICE_FAMILY = "1,2";
				TEST_HOST = "$(BUILT_PRODUCTS_DIR)/Offseason2.app/$(BUNDLE_EXECUTABLE_FOLDER_PATH)/Offseason2";
			};
			name = Debug;
		};
		78FACE4D2A15622200E317AE /* Release */ = {
			isa = XCBuildConfiguration;
			buildSettings = {
				ALWAYS_EMBED_SWIFT_STANDARD_LIBRARIES = YES;
				BUNDLE_LOADER = "$(TEST_HOST)";
				CODE_SIGN_STYLE = Automatic;
				CURRENT_PROJECT_VERSION = 1;
				DEVELOPMENT_TEAM = 73U243ADJK;
				GENERATE_INFOPLIST_FILE = YES;
				IPHONEOS_DEPLOYMENT_TARGET = 16.4;
				MARKETING_VERSION = 1.0;
				PRODUCT_BUNDLE_IDENTIFIER = com.academy.Offseason2Tests;
				PRODUCT_NAME = "$(TARGET_NAME)";
				SWIFT_EMIT_LOC_STRINGS = NO;
				SWIFT_VERSION = 5.0;
				TARGETED_DEVICE_FAMILY = "1,2";
				TEST_HOST = "$(BUILT_PRODUCTS_DIR)/Offseason2.app/$(BUNDLE_EXECUTABLE_FOLDER_PATH)/Offseason2";
			};
			name = Release;
		};
		78FACE4F2A15622200E317AE /* Debug */ = {
			isa = XCBuildConfiguration;
			buildSettings = {
				ALWAYS_EMBED_SWIFT_STANDARD_LIBRARIES = YES;
				CODE_SIGN_STYLE = Automatic;
				CURRENT_PROJECT_VERSION = 1;
				DEVELOPMENT_TEAM = 73U243ADJK;
				GENERATE_INFOPLIST_FILE = YES;
				MARKETING_VERSION = 1.0;
				PRODUCT_BUNDLE_IDENTIFIER = com.academy.Offseason2UITests;
				PRODUCT_NAME = "$(TARGET_NAME)";
				SWIFT_EMIT_LOC_STRINGS = NO;
				SWIFT_VERSION = 5.0;
				TARGETED_DEVICE_FAMILY = "1,2";
				TEST_TARGET_NAME = Offseason2;
			};
			name = Debug;
		};
		78FACE502A15622200E317AE /* Release */ = {
			isa = XCBuildConfiguration;
			buildSettings = {
				ALWAYS_EMBED_SWIFT_STANDARD_LIBRARIES = YES;
				CODE_SIGN_STYLE = Automatic;
				CURRENT_PROJECT_VERSION = 1;
				DEVELOPMENT_TEAM = 73U243ADJK;
				GENERATE_INFOPLIST_FILE = YES;
				MARKETING_VERSION = 1.0;
				PRODUCT_BUNDLE_IDENTIFIER = com.academy.Offseason2UITests;
				PRODUCT_NAME = "$(TARGET_NAME)";
				SWIFT_EMIT_LOC_STRINGS = NO;
				SWIFT_VERSION = 5.0;
				TARGETED_DEVICE_FAMILY = "1,2";
				TEST_TARGET_NAME = Offseason2;
			};
			name = Release;
		};
/* End XCBuildConfiguration section */

/* Begin XCConfigurationList section */
		78FACE1F2A15622000E317AE /* Build configuration list for PBXProject "Offseason2" */ = {
			isa = XCConfigurationList;
			buildConfigurations = (
				78FACE462A15622200E317AE /* Debug */,
				78FACE472A15622200E317AE /* Release */,
			);
			defaultConfigurationIsVisible = 0;
			defaultConfigurationName = Release;
		};
		78FACE482A15622200E317AE /* Build configuration list for PBXNativeTarget "Offseason2" */ = {
			isa = XCConfigurationList;
			buildConfigurations = (
				78FACE492A15622200E317AE /* Debug */,
				78FACE4A2A15622200E317AE /* Release */,
			);
			defaultConfigurationIsVisible = 0;
			defaultConfigurationName = Release;
		};
		78FACE4B2A15622200E317AE /* Build configuration list for PBXNativeTarget "Offseason2Tests" */ = {
			isa = XCConfigurationList;
			buildConfigurations = (
				78FACE4C2A15622200E317AE /* Debug */,
				78FACE4D2A15622200E317AE /* Release */,
			);
			defaultConfigurationIsVisible = 0;
			defaultConfigurationName = Release;
		};
		78FACE4E2A15622200E317AE /* Build configuration list for PBXNativeTarget "Offseason2UITests" */ = {
			isa = XCConfigurationList;
			buildConfigurations = (
				78FACE4F2A15622200E317AE /* Debug */,
				78FACE502A15622200E317AE /* Release */,
			);
			defaultConfigurationIsVisible = 0;
			defaultConfigurationName = Release;
		};
/* End XCConfigurationList section */

/* Begin XCRemoteSwiftPackageReference section */
		78FACE752A15705600E317AE /* XCRemoteSwiftPackageReference "firebase-ios-sdk" */ = {
			isa = XCRemoteSwiftPackageReference;
			repositoryURL = "https://github.com/firebase/firebase-ios-sdk";
			requirement = {
				kind = upToNextMajorVersion;
				minimumVersion = 10.0.0;
			};
		};
/* End XCRemoteSwiftPackageReference section */

/* Begin XCSwiftPackageProductDependency section */
		78FACE762A15705600E317AE /* FirebaseAnalytics */ = {
			isa = XCSwiftPackageProductDependency;
			package = 78FACE752A15705600E317AE /* XCRemoteSwiftPackageReference "firebase-ios-sdk" */;
			productName = FirebaseAnalytics;
		};
		78FACE782A15705600E317AE /* FirebaseAnalyticsSwift */ = {
			isa = XCSwiftPackageProductDependency;
			package = 78FACE752A15705600E317AE /* XCRemoteSwiftPackageReference "firebase-ios-sdk" */;
			productName = FirebaseAnalyticsSwift;
		};
		78FACE7A2A15705600E317AE /* FirebaseAuth */ = {
			isa = XCSwiftPackageProductDependency;
			package = 78FACE752A15705600E317AE /* XCRemoteSwiftPackageReference "firebase-ios-sdk" */;
			productName = FirebaseAuth;
		};
		78FACE7C2A15705600E317AE /* FirebaseDatabase */ = {
			isa = XCSwiftPackageProductDependency;
			package = 78FACE752A15705600E317AE /* XCRemoteSwiftPackageReference "firebase-ios-sdk" */;
			productName = FirebaseDatabase;
		};
		78FACE7E2A15705600E317AE /* FirebaseDatabaseSwift */ = {
			isa = XCSwiftPackageProductDependency;
			package = 78FACE752A15705600E317AE /* XCRemoteSwiftPackageReference "firebase-ios-sdk" */;
			productName = FirebaseDatabaseSwift;
		};
		78FACE802A15705600E317AE /* FirebaseFirestore */ = {
			isa = XCSwiftPackageProductDependency;
			package = 78FACE752A15705600E317AE /* XCRemoteSwiftPackageReference "firebase-ios-sdk" */;
			productName = FirebaseFirestore;
		};
		78FACE822A15705600E317AE /* FirebaseFirestoreSwift */ = {
			isa = XCSwiftPackageProductDependency;
			package = 78FACE752A15705600E317AE /* XCRemoteSwiftPackageReference "firebase-ios-sdk" */;
			productName = FirebaseFirestoreSwift;
		};
		78FACE842A15705600E317AE /* FirebaseStorage */ = {
			isa = XCSwiftPackageProductDependency;
			package = 78FACE752A15705600E317AE /* XCRemoteSwiftPackageReference "firebase-ios-sdk" */;
			productName = FirebaseStorage;
		};
		78FACE862A15705600E317AE /* FirebaseStorageCombine-Community */ = {
			isa = XCSwiftPackageProductDependency;
			package = 78FACE752A15705600E317AE /* XCRemoteSwiftPackageReference "firebase-ios-sdk" */;
			productName = "FirebaseStorageCombine-Community";
		};
/* End XCSwiftPackageProductDependency section */
	};
	rootObject = 78FACE1C2A15622000E317AE /* Project object */;
}
